
Microsoft Visual Studio Solution File, Format Version 12.00
# Visual Studio Version 17
VisualStudioVersion = 17.2.32630.192
MinimumVisualStudioVersion = 10.0.40219.1
Project("{FAE04EC0-301F-11D3-BF4B-00C04F79EFBC}") = "CodeFirstProject", "CodeFirstProject\CodeFirstProject.csproj", "{577EAD18-8E43-4461-9EEF-AF450CA0FF4C}"
EndProject
Global
	GlobalSection(SolutionConfigurationPlatforms) = preSolution
		Debug|Any CPU = Debug|Any CPU
		Release|Any CPU = Release|Any CPU
	EndGlobalSection
	GlobalSection(ProjectConfigurationPlatforms) = postSolution
		{577EAD18-8E43-4461-9EEF-AF450CA0FF4C}.Debug|Any CPU.ActiveCfg = Debug|Any CPU
		{577EAD18-8E43-4461-9EEF-AF450CA0FF4C}.Debug|Any CPU.Build.0 = Debug|Any CPU
		{577EAD18-8E43-4461-9EEF-AF450CA0FF4C}.Release|Any CPU.ActiveCfg = Release|Any CPU
		{577EAD18-8E43-4461-9EEF-AF450CA0FF4C}.Release|Any CPU.Build.0 = Release|Any CPU
	EndGlobalSection
	GlobalSection(SolutionProperties) = preSolution
		HideSolutionNode = FALSE
	EndGlobalSection
	GlobalSection(ExtensibilityGlobals) = postSolution
		SolutionGuid = {0D562714-48B8-405E-AC34-0BBB0AE0219F}
	EndGlobalSection
EndGlobal
